
Microsoft Visual Studio Solution File, Format Version 12.00
Project("{FAE04EC0-301F-11D3-BF4B-00C04F79EFBC}") = "DalaranApp.Domain", "DalaranApp.Domain\DalaranApp.Domain.csproj", "{40EDFD85-5EE6-4E50-8672-D6805CA0D8D2}"
EndProject
Project("{FAE04EC0-301F-11D3-BF4B-00C04F79EFBC}") = "DalaranApp.Api", "DalaranApp.Api\DalaranApp.Api.csproj", "{7DA761F1-F394-415E-AFD8-8B9A8738ADD9}"
EndProject
Project("{FAE04EC0-301F-11D3-BF4B-00C04F79EFBC}") = "DalaranApp.Infrastructure", "DalaranApp.Infrastructure\DalaranApp.Infrastructure.csproj", "{7F850302-7976-4E33-BC74-808D1770C7E2}"
EndProject
Project("{FAE04EC0-301F-11D3-BF4B-00C04F79EFBC}") = "DalaranApp.Application", "DalaranApp.Application\DalaranApp.Application.csproj", "{A90574C9-2300-405D-9D83-29BFC9122268}"
EndProject
Project("{FAE04EC0-301F-11D3-BF4B-00C04F79EFBC}") = "DalaranApp.Tests", "DalaranApp.Tests\DalaranApp.Tests.csproj", "{3795E38E-4E19-4171-BD9A-597995F32A3C}"
EndProject
Project("{FAE04EC0-301F-11D3-BF4B-00C04F79EFBC}") = "DalaranApp.Contracts", "DalaranApp.Contracts\DalaranApp.Contracts.csproj", "{75013612-3F16-4AA3-BDF5-8375B01CECBE}"
EndProject
Global
	GlobalSection(SolutionConfigurationPlatforms) = preSolution
		Debug|Any CPU = Debug|Any CPU
		Release|Any CPU = Release|Any CPU
	EndGlobalSection
	GlobalSection(ProjectConfigurationPlatforms) = postSolution
		{40EDFD85-5EE6-4E50-8672-D6805CA0D8D2}.Debug|Any CPU.ActiveCfg = Debug|Any CPU
		{40EDFD85-5EE6-4E50-8672-D6805CA0D8D2}.Debug|Any CPU.Build.0 = Debug|Any CPU
		{40EDFD85-5EE6-4E50-8672-D6805CA0D8D2}.Release|Any CPU.ActiveCfg = Release|Any CPU
		{40EDFD85-5EE6-4E50-8672-D6805CA0D8D2}.Release|Any CPU.Build.0 = Release|Any CPU
		{7DA761F1-F394-415E-AFD8-8B9A8738ADD9}.Debug|Any CPU.ActiveCfg = Debug|Any CPU
		{7DA761F1-F394-415E-AFD8-8B9A8738ADD9}.Debug|Any CPU.Build.0 = Debug|Any CPU
		{7DA761F1-F394-415E-AFD8-8B9A8738ADD9}.Release|Any CPU.ActiveCfg = Release|Any CPU
		{7DA761F1-F394-415E-AFD8-8B9A8738ADD9}.Release|Any CPU.Build.0 = Release|Any CPU
		{7F850302-7976-4E33-BC74-808D1770C7E2}.Debug|Any CPU.ActiveCfg = Debug|Any CPU
		{7F850302-7976-4E33-BC74-808D1770C7E2}.Debug|Any CPU.Build.0 = Debug|Any CPU
		{7F850302-7976-4E33-BC74-808D1770C7E2}.Release|Any CPU.ActiveCfg = Release|Any CPU
		{7F850302-7976-4E33-BC74-808D1770C7E2}.Release|Any CPU.Build.0 = Release|Any CPU
		{A90574C9-2300-405D-9D83-29BFC9122268}.Debug|Any CPU.ActiveCfg = Debug|Any CPU
		{A90574C9-2300-405D-9D83-29BFC9122268}.Debug|Any CPU.Build.0 = Debug|Any CPU
		{A90574C9-2300-405D-9D83-29BFC9122268}.Release|Any CPU.ActiveCfg = Release|Any CPU
		{A90574C9-2300-405D-9D83-29BFC9122268}.Release|Any CPU.Build.0 = Release|Any CPU
		{3795E38E-4E19-4171-BD9A-597995F32A3C}.Debug|Any CPU.ActiveCfg = Debug|Any CPU
		{3795E38E-4E19-4171-BD9A-597995F32A3C}.Debug|Any CPU.Build.0 = Debug|Any CPU
		{3795E38E-4E19-4171-BD9A-597995F32A3C}.Release|Any CPU.ActiveCfg = Release|Any CPU
		{3795E38E-4E19-4171-BD9A-597995F32A3C}.Release|Any CPU.Build.0 = Release|Any CPU
		{75013612-3F16-4AA3-BDF5-8375B01CECBE}.Debug|Any CPU.ActiveCfg = Debug|Any CPU
		{75013612-3F16-4AA3-BDF5-8375B01CECBE}.Debug|Any CPU.Build.0 = Debug|Any CPU
		{75013612-3F16-4AA3-BDF5-8375B01CECBE}.Release|Any CPU.ActiveCfg = Release|Any CPU
		{75013612-3F16-4AA3-BDF5-8375B01CECBE}.Release|Any CPU.Build.0 = Release|Any CPU
	EndGlobalSection
EndGlobal
